
Microsoft Visual Studio Solution File, Format Version 12.00
# Visual Studio 14
VisualStudioVersion = 14.0.25420.1
MinimumVisualStudioVersion = 10.0.40219.1
Project("{FAE04EC0-301F-11D3-BF4B-00C04F79EFBC}") = "Server", "Server\Server.csproj", "{EF9A9B4A-15B2-4AD4-A8B7-44A633F7C6ED}"
EndProject
Project("{FAE04EC0-301F-11D3-BF4B-00C04F79EFBC}") = "Client", "Client\Client.csproj", "{55E7FA8C-D8A5-4BE6-87E4-9F6BF75DE5CB}"
EndProject
Global
	GlobalSection(SolutionConfigurationPlatforms) = preSolution
		Debug|Any CPU = Debug|Any CPU
		Release|Any CPU = Release|Any CPU
	EndGlobalSection
	GlobalSection(ProjectConfigurationPlatforms) = postSolution
		{EF9A9B4A-15B2-4AD4-A8B7-44A633F7C6ED}.Debug|Any CPU.ActiveCfg = Debug|Any CPU
		{EF9A9B4A-15B2-4AD4-A8B7-44A633F7C6ED}.Debug|Any CPU.Build.0 = Debug|Any CPU
		{EF9A9B4A-15B2-4AD4-A8B7-44A633F7C6ED}.Release|Any CPU.ActiveCfg = Release|Any CPU
		{EF9A9B4A-15B2-4AD4-A8B7-44A633F7C6ED}.Release|Any CPU.Build.0 = Release|Any CPU
		{55E7FA8C-D8A5-4BE6-87E4-9F6BF75DE5CB}.Debug|Any CPU.ActiveCfg = Debug|Any CPU
		{55E7FA8C-D8A5-4BE6-87E4-9F6BF75DE5CB}.Debug|Any CPU.Build.0 = Debug|Any CPU
		{55E7FA8C-D8A5-4BE6-87E4-9F6BF75DE5CB}.Release|Any CPU.ActiveCfg = Release|Any CPU
		{55E7FA8C-D8A5-4BE6-87E4-9F6BF75DE5CB}.Release|Any CPU.Build.0 = Release|Any CPU
	EndGlobalSection
	GlobalSection(SolutionProperties) = preSolution
		HideSolutionNode = FALSE
	EndGlobalSection
EndGlobal
